
Microsoft Visual Studio Solution File, Format Version 12.00
# Visual Studio 14
VisualStudioVersion = 14.0.25420.1
MinimumVisualStudioVersion = 10.0.40219.1
Project("{FAE04EC0-301F-11D3-BF4B-00C04F79EFBC}") = "youDoIT 1", "youDoIT 1\youDoIT 1.csproj", "{C9777917-7134-4CB1-AE8C-71686D15643F}"
EndProject
Global
	GlobalSection(SolutionConfigurationPlatforms) = preSolution
		Debug|Any CPU = Debug|Any CPU
		Release|Any CPU = Release|Any CPU
	EndGlobalSection
	GlobalSection(ProjectConfigurationPlatforms) = postSolution
		{C9777917-7134-4CB1-AE8C-71686D15643F}.Debug|Any CPU.ActiveCfg = Debug|Any CPU
		{C9777917-7134-4CB1-AE8C-71686D15643F}.Debug|Any CPU.Build.0 = Debug|Any CPU
		{C9777917-7134-4CB1-AE8C-71686D15643F}.Release|Any CPU.ActiveCfg = Release|Any CPU
		{C9777917-7134-4CB1-AE8C-71686D15643F}.Release|Any CPU.Build.0 = Release|Any CPU
	EndGlobalSection
	GlobalSection(SolutionProperties) = preSolution
		HideSolutionNode = FALSE
	EndGlobalSection
EndGlobal
