
Microsoft Visual Studio Solution File, Format Version 12.00
# Visual Studio 14
VisualStudioVersion = 14.0.25420.1
MinimumVisualStudioVersion = 10.0.40219.1
Project("{FAE04EC0-301F-11D3-BF4B-00C04F79EFBC}") = "playing with intergers", "playing with intergers\playing with intergers.csproj", "{E0A14E31-BC21-4076-ACC0-F2296D0A93CF}"
EndProject
Global
	GlobalSection(SolutionConfigurationPlatforms) = preSolution
		Debug|Any CPU = Debug|Any CPU
		Release|Any CPU = Release|Any CPU
	EndGlobalSection
	GlobalSection(ProjectConfigurationPlatforms) = postSolution
		{E0A14E31-BC21-4076-ACC0-F2296D0A93CF}.Debug|Any CPU.ActiveCfg = Debug|Any CPU
		{E0A14E31-BC21-4076-ACC0-F2296D0A93CF}.Debug|Any CPU.Build.0 = Debug|Any CPU
		{E0A14E31-BC21-4076-ACC0-F2296D0A93CF}.Release|Any CPU.ActiveCfg = Release|Any CPU
		{E0A14E31-BC21-4076-ACC0-F2296D0A93CF}.Release|Any CPU.Build.0 = Release|Any CPU
	EndGlobalSection
	GlobalSection(SolutionProperties) = preSolution
		HideSolutionNode = FALSE
	EndGlobalSection
EndGlobal
