
Microsoft Visual Studio Solution File, Format Version 12.00
# Visual Studio 14
VisualStudioVersion = 14.0.25420.1
MinimumVisualStudioVersion = 10.0.40219.1
Project("{FAE04EC0-301F-11D3-BF4B-00C04F79EFBC}") = "debugging2.4", "debugging2.4\debugging2.4.csproj", "{8C77C10E-E559-4098-8F64-4A9A4DB00879}"
EndProject
Global
	GlobalSection(SolutionConfigurationPlatforms) = preSolution
		Debug|Any CPU = Debug|Any CPU
		Release|Any CPU = Release|Any CPU
	EndGlobalSection
	GlobalSection(ProjectConfigurationPlatforms) = postSolution
		{8C77C10E-E559-4098-8F64-4A9A4DB00879}.Debug|Any CPU.ActiveCfg = Debug|Any CPU
		{8C77C10E-E559-4098-8F64-4A9A4DB00879}.Debug|Any CPU.Build.0 = Debug|Any CPU
		{8C77C10E-E559-4098-8F64-4A9A4DB00879}.Release|Any CPU.ActiveCfg = Release|Any CPU
		{8C77C10E-E559-4098-8F64-4A9A4DB00879}.Release|Any CPU.Build.0 = Release|Any CPU
	EndGlobalSection
	GlobalSection(SolutionProperties) = preSolution
		HideSolutionNode = FALSE
	EndGlobalSection
EndGlobal
